
Microsoft Visual Studio Solution File, Format Version 12.00
# Visual Studio Version 16
VisualStudioVersion = 16.0.29926.136
MinimumVisualStudioVersion = 10.0.40219.1
Project("{FAE04EC0-301F-11D3-BF4B-00C04F79EFBC}") = "BLE", "BLE\BLE.csproj", "{F9EB9E84-AABE-42F3-91C3-D8AA17D5AE58}"
EndProject
Project("{FAE04EC0-301F-11D3-BF4B-00C04F79EFBC}") = "BLETesting", "BLETesting\BLETesting.csproj", "{D0A5D737-E769-49CB-9FB0-98E449C1705E}"
EndProject
Global
	GlobalSection(SolutionConfigurationPlatforms) = preSolution
		Debug|Any CPU = Debug|Any CPU
		Release|Any CPU = Release|Any CPU
	EndGlobalSection
	GlobalSection(ProjectConfigurationPlatforms) = postSolution
		{F9EB9E84-AABE-42F3-91C3-D8AA17D5AE58}.Debug|Any CPU.ActiveCfg = Debug|Any CPU
		{F9EB9E84-AABE-42F3-91C3-D8AA17D5AE58}.Debug|Any CPU.Build.0 = Debug|Any CPU
		{F9EB9E84-AABE-42F3-91C3-D8AA17D5AE58}.Release|Any CPU.ActiveCfg = Release|Any CPU
		{F9EB9E84-AABE-42F3-91C3-D8AA17D5AE58}.Release|Any CPU.Build.0 = Release|Any CPU
		{D0A5D737-E769-49CB-9FB0-98E449C1705E}.Debug|Any CPU.ActiveCfg = Debug|Any CPU
		{D0A5D737-E769-49CB-9FB0-98E449C1705E}.Debug|Any CPU.Build.0 = Debug|Any CPU
		{D0A5D737-E769-49CB-9FB0-98E449C1705E}.Release|Any CPU.ActiveCfg = Release|Any CPU
		{D0A5D737-E769-49CB-9FB0-98E449C1705E}.Release|Any CPU.Build.0 = Release|Any CPU
	EndGlobalSection
	GlobalSection(SolutionProperties) = preSolution
		HideSolutionNode = FALSE
	EndGlobalSection
	GlobalSection(ExtensibilityGlobals) = postSolution
		SolutionGuid = {7AC84092-0CC8-4AB2-BCB0-40892539C268}
	EndGlobalSection
EndGlobal
