
Microsoft Visual Studio Solution File, Format Version 12.00
# Visual Studio 15
VisualStudioVersion = 15.0.26124.0
MinimumVisualStudioVersion = 15.0.26124.0
Project("{FAE04EC0-301F-11D3-BF4B-00C04F79EFBC}") = "BleService", "BleService\BleService.csproj", "{363FD0EE-6F2C-4B05-8BF4-C0C4EF52E062}"
EndProject
Project("{FAE04EC0-301F-11D3-BF4B-00C04F79EFBC}") = "SerialService", "SerialService\SerialService.csproj", "{8EE9E103-01D4-4558-9FA1-799DA9C6179B}"
EndProject
Project("{FAE04EC0-301F-11D3-BF4B-00C04F79EFBC}") = "BluerialApi", "BluerialApi\BluerialApi.csproj", "{D2143CE1-1494-476C-B360-CBA0EC951ACB}"
EndProject
Project("{FAE04EC0-301F-11D3-BF4B-00C04F79EFBC}") = "Bluerial", "Bluerial\Bluerial.csproj", "{A07B4C5E-308D-47C9-BFA7-6A8470C219AB}"
EndProject
Global
	GlobalSection(SolutionConfigurationPlatforms) = preSolution
		Debug|Any CPU = Debug|Any CPU
		Debug|x64 = Debug|x64
		Debug|x86 = Debug|x86
		Release|Any CPU = Release|Any CPU
		Release|x64 = Release|x64
		Release|x86 = Release|x86
	EndGlobalSection
	GlobalSection(SolutionProperties) = preSolution
		HideSolutionNode = FALSE
	EndGlobalSection
	GlobalSection(ProjectConfigurationPlatforms) = postSolution
		{363FD0EE-6F2C-4B05-8BF4-C0C4EF52E062}.Debug|Any CPU.ActiveCfg = Debug|Any CPU
		{363FD0EE-6F2C-4B05-8BF4-C0C4EF52E062}.Debug|Any CPU.Build.0 = Debug|Any CPU
		{363FD0EE-6F2C-4B05-8BF4-C0C4EF52E062}.Debug|x64.ActiveCfg = Debug|Any CPU
		{363FD0EE-6F2C-4B05-8BF4-C0C4EF52E062}.Debug|x64.Build.0 = Debug|Any CPU
		{363FD0EE-6F2C-4B05-8BF4-C0C4EF52E062}.Debug|x86.ActiveCfg = Debug|Any CPU
		{363FD0EE-6F2C-4B05-8BF4-C0C4EF52E062}.Debug|x86.Build.0 = Debug|Any CPU
		{363FD0EE-6F2C-4B05-8BF4-C0C4EF52E062}.Release|Any CPU.ActiveCfg = Release|Any CPU
		{363FD0EE-6F2C-4B05-8BF4-C0C4EF52E062}.Release|Any CPU.Build.0 = Release|Any CPU
		{363FD0EE-6F2C-4B05-8BF4-C0C4EF52E062}.Release|x64.ActiveCfg = Release|Any CPU
		{363FD0EE-6F2C-4B05-8BF4-C0C4EF52E062}.Release|x64.Build.0 = Release|Any CPU
		{363FD0EE-6F2C-4B05-8BF4-C0C4EF52E062}.Release|x86.ActiveCfg = Release|Any CPU
		{363FD0EE-6F2C-4B05-8BF4-C0C4EF52E062}.Release|x86.Build.0 = Release|Any CPU
		{8EE9E103-01D4-4558-9FA1-799DA9C6179B}.Debug|Any CPU.ActiveCfg = Debug|Any CPU
		{8EE9E103-01D4-4558-9FA1-799DA9C6179B}.Debug|Any CPU.Build.0 = Debug|Any CPU
		{8EE9E103-01D4-4558-9FA1-799DA9C6179B}.Debug|x64.ActiveCfg = Debug|Any CPU
		{8EE9E103-01D4-4558-9FA1-799DA9C6179B}.Debug|x64.Build.0 = Debug|Any CPU
		{8EE9E103-01D4-4558-9FA1-799DA9C6179B}.Debug|x86.ActiveCfg = Debug|Any CPU
		{8EE9E103-01D4-4558-9FA1-799DA9C6179B}.Debug|x86.Build.0 = Debug|Any CPU
		{8EE9E103-01D4-4558-9FA1-799DA9C6179B}.Release|Any CPU.ActiveCfg = Release|Any CPU
		{8EE9E103-01D4-4558-9FA1-799DA9C6179B}.Release|Any CPU.Build.0 = Release|Any CPU
		{8EE9E103-01D4-4558-9FA1-799DA9C6179B}.Release|x64.ActiveCfg = Release|Any CPU
		{8EE9E103-01D4-4558-9FA1-799DA9C6179B}.Release|x64.Build.0 = Release|Any CPU
		{8EE9E103-01D4-4558-9FA1-799DA9C6179B}.Release|x86.ActiveCfg = Release|Any CPU
		{8EE9E103-01D4-4558-9FA1-799DA9C6179B}.Release|x86.Build.0 = Release|Any CPU
		{D2143CE1-1494-476C-B360-CBA0EC951ACB}.Debug|Any CPU.ActiveCfg = Debug|Any CPU
		{D2143CE1-1494-476C-B360-CBA0EC951ACB}.Debug|Any CPU.Build.0 = Debug|Any CPU
		{D2143CE1-1494-476C-B360-CBA0EC951ACB}.Debug|x64.ActiveCfg = Debug|Any CPU
		{D2143CE1-1494-476C-B360-CBA0EC951ACB}.Debug|x64.Build.0 = Debug|Any CPU
		{D2143CE1-1494-476C-B360-CBA0EC951ACB}.Debug|x86.ActiveCfg = Debug|Any CPU
		{D2143CE1-1494-476C-B360-CBA0EC951ACB}.Debug|x86.Build.0 = Debug|Any CPU
		{D2143CE1-1494-476C-B360-CBA0EC951ACB}.Release|Any CPU.ActiveCfg = Release|Any CPU
		{D2143CE1-1494-476C-B360-CBA0EC951ACB}.Release|Any CPU.Build.0 = Release|Any CPU
		{D2143CE1-1494-476C-B360-CBA0EC951ACB}.Release|x64.ActiveCfg = Release|Any CPU
		{D2143CE1-1494-476C-B360-CBA0EC951ACB}.Release|x64.Build.0 = Release|Any CPU
		{D2143CE1-1494-476C-B360-CBA0EC951ACB}.Release|x86.ActiveCfg = Release|Any CPU
		{D2143CE1-1494-476C-B360-CBA0EC951ACB}.Release|x86.Build.0 = Release|Any CPU
		{A07B4C5E-308D-47C9-BFA7-6A8470C219AB}.Debug|Any CPU.ActiveCfg = Debug|Any CPU
		{A07B4C5E-308D-47C9-BFA7-6A8470C219AB}.Debug|Any CPU.Build.0 = Debug|Any CPU
		{A07B4C5E-308D-47C9-BFA7-6A8470C219AB}.Debug|x64.ActiveCfg = Debug|Any CPU
		{A07B4C5E-308D-47C9-BFA7-6A8470C219AB}.Debug|x64.Build.0 = Debug|Any CPU
		{A07B4C5E-308D-47C9-BFA7-6A8470C219AB}.Debug|x86.ActiveCfg = Debug|Any CPU
		{A07B4C5E-308D-47C9-BFA7-6A8470C219AB}.Debug|x86.Build.0 = Debug|Any CPU
		{A07B4C5E-308D-47C9-BFA7-6A8470C219AB}.Release|Any CPU.ActiveCfg = Release|Any CPU
		{A07B4C5E-308D-47C9-BFA7-6A8470C219AB}.Release|Any CPU.Build.0 = Release|Any CPU
		{A07B4C5E-308D-47C9-BFA7-6A8470C219AB}.Release|x64.ActiveCfg = Release|Any CPU
		{A07B4C5E-308D-47C9-BFA7-6A8470C219AB}.Release|x64.Build.0 = Release|Any CPU
		{A07B4C5E-308D-47C9-BFA7-6A8470C219AB}.Release|x86.ActiveCfg = Release|Any CPU
		{A07B4C5E-308D-47C9-BFA7-6A8470C219AB}.Release|x86.Build.0 = Release|Any CPU
	EndGlobalSection
EndGlobal
